
Microsoft Visual Studio Solution File, Format Version 12.00
# Visual Studio Version 17
VisualStudioVersion = 17.4.33403.182
MinimumVisualStudioVersion = 10.0.40219.1
Project("{FAE04EC0-301F-11D3-BF4B-00C04F79EFBC}") = "BloodBankManagementSystem", "BloodBankManagementSystem\BloodBankManagementSystem.csproj", "{F3E0E855-7064-439A-90D1-9EE5988C5606}"
EndProject
Project("{FAE04EC0-301F-11D3-BF4B-00C04F79EFBC}") = "BloodBankManagementSystem.Tests", "BloodBankManagementSystem.Tests\BloodBankManagementSystem.Tests.csproj", "{7B0B34B4-6723-4017-8229-F3C329632E82}"
EndProject
Global
	GlobalSection(SolutionConfigurationPlatforms) = preSolution
		Debug|Any CPU = Debug|Any CPU
		Release|Any CPU = Release|Any CPU
	EndGlobalSection
	GlobalSection(ProjectConfigurationPlatforms) = postSolution
		{F3E0E855-7064-439A-90D1-9EE5988C5606}.Debug|Any CPU.ActiveCfg = Debug|Any CPU
		{F3E0E855-7064-439A-90D1-9EE5988C5606}.Debug|Any CPU.Build.0 = Debug|Any CPU
		{F3E0E855-7064-439A-90D1-9EE5988C5606}.Release|Any CPU.ActiveCfg = Release|Any CPU
		{F3E0E855-7064-439A-90D1-9EE5988C5606}.Release|Any CPU.Build.0 = Release|Any CPU
		{7B0B34B4-6723-4017-8229-F3C329632E82}.Debug|Any CPU.ActiveCfg = Debug|Any CPU
		{7B0B34B4-6723-4017-8229-F3C329632E82}.Debug|Any CPU.Build.0 = Debug|Any CPU
		{7B0B34B4-6723-4017-8229-F3C329632E82}.Release|Any CPU.ActiveCfg = Release|Any CPU
		{7B0B34B4-6723-4017-8229-F3C329632E82}.Release|Any CPU.Build.0 = Release|Any CPU
	EndGlobalSection
	GlobalSection(SolutionProperties) = preSolution
		HideSolutionNode = FALSE
	EndGlobalSection
	GlobalSection(ExtensibilityGlobals) = postSolution
		SolutionGuid = {545B1969-74D2-444C-887D-B43AB322E930}
	EndGlobalSection
EndGlobal
